{
  "name": "CPUBenchamark",
  "lockfileVersion": 2,
  "requires": true,
  "packages": {
    "": {
      "dependencies": {
        "systeminformation": "^5.21.17"
      }
    },
    "node_modules/systeminformation": {
      "version": "5.21.17",
      "resolved": "https://registry.npmjs.org/systeminformation/-/systeminformation-5.21.17.tgz",
      "integrity": "sha512-JZYRCbIjk3WuBV59A9/rTla2rROX+aAJ9uo2Z1dI+bjieORcukClN8rlM1zE9NYKpULSbaGc+KKct/870lO0DA==",
      "os": [
        "darwin",
        "linux",
        "win32",
        "freebsd",
        "openbsd",
        "netbsd",
        "sunos",
        "android"
      ],
      "bin": {
        "systeminformation": "lib/cli.js"
      },
      "engines": {
        "node": ">=8.0.0"
      },
      "funding": {
        "type": "Buy me a coffee",
        "url": "https://www.buymeacoffee.com/systeminfo"
      }
    }
  },
  "dependencies": {
    "systeminformation": {
      "version": "5.21.17",
      "resolved": "https://registry.npmjs.org/systeminformation/-/systeminformation-5.21.17.tgz",
      "integrity": "sha512-JZYRCbIjk3WuBV59A9/rTla2rROX+aAJ9uo2Z1dI+bjieORcukClN8rlM1zE9NYKpULSbaGc+KKct/870lO0DA=="
    }
  }
}
